
Microsoft Visual Studio Solution File, Format Version 12.00
# Visual Studio 15
VisualStudioVersion = 15.0.27004.2009
MinimumVisualStudioVersion = 10.0.40219.1
Project("{FAE04EC0-301F-11D3-BF4B-00C04F79EFBC}") = "Calculator", "Calculator\Calculator.csproj", "{30EDEA7E-83BA-4C6C-90D5-7E85CBBF52D6}"
EndProject
Global
	GlobalSection(SolutionConfigurationPlatforms) = preSolution
		Debug|Any CPU = Debug|Any CPU
		Release|Any CPU = Release|Any CPU
	EndGlobalSection
	GlobalSection(ProjectConfigurationPlatforms) = postSolution
		{30EDEA7E-83BA-4C6C-90D5-7E85CBBF52D6}.Debug|Any CPU.ActiveCfg = Debug|Any CPU
		{30EDEA7E-83BA-4C6C-90D5-7E85CBBF52D6}.Debug|Any CPU.Build.0 = Debug|Any CPU
		{30EDEA7E-83BA-4C6C-90D5-7E85CBBF52D6}.Release|Any CPU.ActiveCfg = Release|Any CPU
		{30EDEA7E-83BA-4C6C-90D5-7E85CBBF52D6}.Release|Any CPU.Build.0 = Release|Any CPU
	EndGlobalSection
	GlobalSection(SolutionProperties) = preSolution
		HideSolutionNode = FALSE
	EndGlobalSection
	GlobalSection(ExtensibilityGlobals) = postSolution
		SolutionGuid = {D6E54645-A6AA-43B6-A6E0-6944DDD404D5}
	EndGlobalSection
EndGlobal
